{
    "name": "balancer-v2-ethers",
    "version": "1.0.0",
    "lockfileVersion": 2,
    "requires": true,
    "packages": {
        "": {
            "name": "balancer-v2-ethers",
            "version": "1.0.0",
            "license": "MIT",
            "dependencies": {
                "dotenv": "^16.3.2",
                "ethers": "^6.10.0",
                "prettier": "^3.2.4",
                "prettier-plugin-solidity": "^1.3.1"
            },
            "devDependencies": {
                "bignumber.js": "4.0.4"
            }
        },
        "node_modules/@adraffy/ens-normalize": {
            "version": "1.10.0",
            "resolved": "https://registry.npmjs.org/@adraffy/ens-normalize/-/ens-normalize-1.10.0.tgz",
            "integrity": "sha512-nA9XHtlAkYfJxY7bce8DcN7eKxWWCWkU+1GR9d+U6MbNpfwQp8TI7vqOsBsMcHoT4mBu2kypKoSKnghEzOOq5Q=="
        },
        "node_modules/@noble/curves": {
            "version": "1.2.0",
            "resolved": "https://registry.npmjs.org/@noble/curves/-/curves-1.2.0.tgz",
            "integrity": "sha512-oYclrNgRaM9SsBUBVbb8M6DTV7ZHRTKugureoYEncY5c65HOmRzvSiTE3y5CYaPYJA/GVkrhXEoF0M3Ya9PMnw==",
            "dependencies": {
                "@noble/hashes": "1.3.2"
            },
            "funding": {
                "url": "https://paulmillr.com/funding/"
            }
        },
        "node_modules/@noble/hashes": {
            "version": "1.3.2",
            "resolved": "https://registry.npmjs.org/@noble/hashes/-/hashes-1.3.2.tgz",
            "integrity": "sha512-MVC8EAQp7MvEcm30KWENFjgR+Mkmf+D189XJTkFIlwohU5hcBbn1ZkKq7KVTi2Hme3PMGF390DaL52beVrIihQ==",
            "engines": {
                "node": ">= 16"
            },
            "funding": {
                "url": "https://paulmillr.com/funding/"
            }
        },
        "node_modules/@solidity-parser/parser": {
            "version": "0.17.0",
            "resolved": "https://registry.npmjs.org/@solidity-parser/parser/-/parser-0.17.0.tgz",
            "integrity": "sha512-Nko8R0/kUo391jsEHHxrGM07QFdnPGvlmox4rmH0kNiNAashItAilhy4Mv4pK5gQmW5f4sXAF58fwJbmlkGcVw==",
            "license": "MIT"
        },
        "node_modules/@types/node": {
            "version": "18.15.13",
            "resolved": "https://registry.npmjs.org/@types/node/-/node-18.15.13.tgz",
            "integrity": "sha512-N+0kuo9KgrUQ1Sn/ifDXsvg0TTleP7rIy4zOBGECxAljqvqfqpTfzx0Q1NUedOixRMBfe2Whhb056a42cWs26Q=="
        },
        "node_modules/aes-js": {
            "version": "4.0.0-beta.5",
            "resolved": "https://registry.npmjs.org/aes-js/-/aes-js-4.0.0-beta.5.tgz",
            "integrity": "sha512-G965FqalsNyrPqgEGON7nIx1e/OVENSgiEIzyC63haUMuvNnwIgIjMs52hlTCKhkBny7A2ORNlfY9Zu+jmGk1Q=="
        },
        "node_modules/bignumber.js": {
            "version": "4.0.4",
            "resolved": "https://registry.npmjs.org/bignumber.js/-/bignumber.js-4.0.4.tgz",
            "integrity": "sha512-LDXpJKVzEx2/OqNbG9mXBNvHuiRL4PzHCGfnANHMJ+fv68Ads3exDVJeGDJws+AoNEuca93bU3q+S0woeUaCdg==",
            "dev": true,
            "license": "MIT",
            "engines": {
                "node": "*"
            }
        },
        "node_modules/dotenv": {
            "version": "16.3.2",
            "resolved": "https://registry.npmjs.org/dotenv/-/dotenv-16.3.2.tgz",
            "integrity": "sha512-HTlk5nmhkm8F6JcdXvHIzaorzCoziNQT9mGxLPVXW8wJF1TiGSL60ZGB4gHWabHOaMmWmhvk2/lPHfnBiT78AQ==",
            "license": "BSD-2-Clause",
            "engines": {
                "node": ">=12"
            },
            "funding": {
                "url": "https://github.com/motdotla/dotenv?sponsor=1"
            }
        },
        "node_modules/ethers": {
            "version": "6.10.0",
            "resolved": "https://registry.npmjs.org/ethers/-/ethers-6.10.0.tgz",
            "integrity": "sha512-nMNwYHzs6V1FR3Y4cdfxSQmNgZsRj1RiTU25JwvnJLmyzw9z3SKxNc2XKDuiXXo/v9ds5Mp9m6HBabgYQQ26tA==",
            "funding": [
                {
                    "type": "individual",
                    "url": "https://github.com/sponsors/ethers-io/"
                },
                {
                    "type": "individual",
                    "url": "https://www.buymeacoffee.com/ricmoo"
                }
            ],
            "dependencies": {
                "@adraffy/ens-normalize": "1.10.0",
                "@noble/curves": "1.2.0",
                "@noble/hashes": "1.3.2",
                "@types/node": "18.15.13",
                "aes-js": "4.0.0-beta.5",
                "tslib": "2.4.0",
                "ws": "8.5.0"
            },
            "engines": {
                "node": ">=14.0.0"
            }
        },
        "node_modules/lru-cache": {
            "version": "6.0.0",
            "resolved": "https://registry.npmjs.org/lru-cache/-/lru-cache-6.0.0.tgz",
            "integrity": "sha512-Jo6dJ04CmSjuznwJSS3pUeWmd/H0ffTlkXXgwZi+eq1UCmqQwCh+eLsYOYCwY991i2Fah4h1BEMCx4qThGbsiA==",
            "license": "ISC",
            "dependencies": {
                "yallist": "^4.0.0"
            },
            "engines": {
                "node": ">=10"
            }
        },
        "node_modules/prettier": {
            "version": "3.2.4",
            "resolved": "https://registry.npmjs.org/prettier/-/prettier-3.2.4.tgz",
            "integrity": "sha512-FWu1oLHKCrtpO1ypU6J0SbK2d9Ckwysq6bHj/uaCP26DxrPpppCLQRGVuqAxSTvhF00AcvDRyYrLNW7ocBhFFQ==",
            "license": "MIT",
            "bin": {
                "prettier": "bin/prettier.cjs"
            },
            "engines": {
                "node": ">=14"
            },
            "funding": {
                "url": "https://github.com/prettier/prettier?sponsor=1"
            }
        },
        "node_modules/prettier-plugin-solidity": {
            "version": "1.3.1",
            "resolved": "https://registry.npmjs.org/prettier-plugin-solidity/-/prettier-plugin-solidity-1.3.1.tgz",
            "integrity": "sha512-MN4OP5I2gHAzHZG1wcuJl0FsLS3c4Cc5494bbg+6oQWBPuEamjwDvmGfFMZ6NFzsh3Efd9UUxeT7ImgjNH4ozA==",
            "license": "MIT",
            "dependencies": {
                "@solidity-parser/parser": "^0.17.0",
                "semver": "^7.5.4",
                "solidity-comments-extractor": "^0.0.8"
            },
            "engines": {
                "node": ">=16"
            },
            "peerDependencies": {
                "prettier": ">=2.3.0"
            }
        },
        "node_modules/semver": {
            "version": "7.5.4",
            "resolved": "https://registry.npmjs.org/semver/-/semver-7.5.4.tgz",
            "integrity": "sha512-1bCSESV6Pv+i21Hvpxp3Dx+pSD8lIPt8uVjRrxAUt/nbswYc+tK6Y2btiULjd4+fnq15PX+nqQDC7Oft7WkwcA==",
            "license": "ISC",
            "dependencies": {
                "lru-cache": "^6.0.0"
            },
            "bin": {
                "semver": "bin/semver.js"
            },
            "engines": {
                "node": ">=10"
            }
        },
        "node_modules/solidity-comments-extractor": {
            "version": "0.0.8",
            "resolved": "https://registry.npmjs.org/solidity-comments-extractor/-/solidity-comments-extractor-0.0.8.tgz",
            "integrity": "sha512-htM7Vn6LhHreR+EglVMd2s+sZhcXAirB1Zlyrv5zBuTxieCvjfnRpd7iZk75m/u6NOlEyQ94C6TWbBn2cY7w8g==",
            "license": "MIT"
        },
        "node_modules/tslib": {
            "version": "2.4.0",
            "resolved": "https://registry.npmjs.org/tslib/-/tslib-2.4.0.tgz",
            "integrity": "sha512-d6xOpEDfsi2CZVlPQzGeux8XMwLT9hssAsaPYExaQMuYskwb+x1x7J371tWlbBdWHroy99KnVB6qIkUbs5X3UQ=="
        },
        "node_modules/ws": {
            "version": "8.5.0",
            "resolved": "https://registry.npmjs.org/ws/-/ws-8.5.0.tgz",
            "integrity": "sha512-BWX0SWVgLPzYwF8lTzEy1egjhS4S4OEAHfsO8o65WOVsrnSRGaSiUaa9e0ggGlkMTtBlmOpEXiie9RUcBO86qg==",
            "engines": {
                "node": ">=10.0.0"
            },
            "peerDependencies": {
                "bufferutil": "^4.0.1",
                "utf-8-validate": "^5.0.2"
            },
            "peerDependenciesMeta": {
                "bufferutil": {
                    "optional": true
                },
                "utf-8-validate": {
                    "optional": true
                }
            }
        },
        "node_modules/yallist": {
            "version": "4.0.0",
            "resolved": "https://registry.npmjs.org/yallist/-/yallist-4.0.0.tgz",
            "integrity": "sha512-3wdGidZyq5PB084XLES5TpOSRA3wjXAlIWMhum2kRcv/41Sn2emQ0dycQW4uZXLejwKvg6EsvbdlVL+FYEct7A==",
            "license": "ISC"
        }
    },
    "dependencies": {
        "@adraffy/ens-normalize": {
            "version": "1.10.0",
            "resolved": "https://registry.npmjs.org/@adraffy/ens-normalize/-/ens-normalize-1.10.0.tgz",
            "integrity": "sha512-nA9XHtlAkYfJxY7bce8DcN7eKxWWCWkU+1GR9d+U6MbNpfwQp8TI7vqOsBsMcHoT4mBu2kypKoSKnghEzOOq5Q=="
        },
        "@noble/curves": {
            "version": "1.2.0",
            "resolved": "https://registry.npmjs.org/@noble/curves/-/curves-1.2.0.tgz",
            "integrity": "sha512-oYclrNgRaM9SsBUBVbb8M6DTV7ZHRTKugureoYEncY5c65HOmRzvSiTE3y5CYaPYJA/GVkrhXEoF0M3Ya9PMnw==",
            "requires": {
                "@noble/hashes": "1.3.2"
            }
        },
        "@noble/hashes": {
            "version": "1.3.2",
            "resolved": "https://registry.npmjs.org/@noble/hashes/-/hashes-1.3.2.tgz",
            "integrity": "sha512-MVC8EAQp7MvEcm30KWENFjgR+Mkmf+D189XJTkFIlwohU5hcBbn1ZkKq7KVTi2Hme3PMGF390DaL52beVrIihQ=="
        },
        "@solidity-parser/parser": {
            "version": "0.17.0",
            "resolved": "https://registry.npmjs.org/@solidity-parser/parser/-/parser-0.17.0.tgz",
            "integrity": "sha512-Nko8R0/kUo391jsEHHxrGM07QFdnPGvlmox4rmH0kNiNAashItAilhy4Mv4pK5gQmW5f4sXAF58fwJbmlkGcVw=="
        },
        "@types/node": {
            "version": "18.15.13",
            "resolved": "https://registry.npmjs.org/@types/node/-/node-18.15.13.tgz",
            "integrity": "sha512-N+0kuo9KgrUQ1Sn/ifDXsvg0TTleP7rIy4zOBGECxAljqvqfqpTfzx0Q1NUedOixRMBfe2Whhb056a42cWs26Q=="
        },
        "aes-js": {
            "version": "4.0.0-beta.5",
            "resolved": "https://registry.npmjs.org/aes-js/-/aes-js-4.0.0-beta.5.tgz",
            "integrity": "sha512-G965FqalsNyrPqgEGON7nIx1e/OVENSgiEIzyC63haUMuvNnwIgIjMs52hlTCKhkBny7A2ORNlfY9Zu+jmGk1Q=="
        },
        "bignumber.js": {
            "version": "4.0.4",
            "resolved": "https://registry.npmjs.org/bignumber.js/-/bignumber.js-4.0.4.tgz",
            "integrity": "sha512-LDXpJKVzEx2/OqNbG9mXBNvHuiRL4PzHCGfnANHMJ+fv68Ads3exDVJeGDJws+AoNEuca93bU3q+S0woeUaCdg==",
            "dev": true
        },
        "dotenv": {
            "version": "16.3.2",
            "resolved": "https://registry.npmjs.org/dotenv/-/dotenv-16.3.2.tgz",
            "integrity": "sha512-HTlk5nmhkm8F6JcdXvHIzaorzCoziNQT9mGxLPVXW8wJF1TiGSL60ZGB4gHWabHOaMmWmhvk2/lPHfnBiT78AQ=="
        },
        "ethers": {
            "version": "6.10.0",
            "resolved": "https://registry.npmjs.org/ethers/-/ethers-6.10.0.tgz",
            "integrity": "sha512-nMNwYHzs6V1FR3Y4cdfxSQmNgZsRj1RiTU25JwvnJLmyzw9z3SKxNc2XKDuiXXo/v9ds5Mp9m6HBabgYQQ26tA==",
            "requires": {
                "@adraffy/ens-normalize": "1.10.0",
                "@noble/curves": "1.2.0",
                "@noble/hashes": "1.3.2",
                "@types/node": "18.15.13",
                "aes-js": "4.0.0-beta.5",
                "tslib": "2.4.0",
                "ws": "8.5.0"
            }
        },
        "lru-cache": {
            "version": "6.0.0",
            "resolved": "https://registry.npmjs.org/lru-cache/-/lru-cache-6.0.0.tgz",
            "integrity": "sha512-Jo6dJ04CmSjuznwJSS3pUeWmd/H0ffTlkXXgwZi+eq1UCmqQwCh+eLsYOYCwY991i2Fah4h1BEMCx4qThGbsiA==",
            "requires": {
                "yallist": "^4.0.0"
            }
        },
        "prettier": {
            "version": "3.2.4",
            "resolved": "https://registry.npmjs.org/prettier/-/prettier-3.2.4.tgz",
            "integrity": "sha512-FWu1oLHKCrtpO1ypU6J0SbK2d9Ckwysq6bHj/uaCP26DxrPpppCLQRGVuqAxSTvhF00AcvDRyYrLNW7ocBhFFQ=="
        },
        "prettier-plugin-solidity": {
            "version": "1.3.1",
            "resolved": "https://registry.npmjs.org/prettier-plugin-solidity/-/prettier-plugin-solidity-1.3.1.tgz",
            "integrity": "sha512-MN4OP5I2gHAzHZG1wcuJl0FsLS3c4Cc5494bbg+6oQWBPuEamjwDvmGfFMZ6NFzsh3Efd9UUxeT7ImgjNH4ozA==",
            "requires": {
                "@solidity-parser/parser": "^0.17.0",
                "semver": "^7.5.4",
                "solidity-comments-extractor": "^0.0.8"
            }
        },
        "semver": {
            "version": "7.5.4",
            "resolved": "https://registry.npmjs.org/semver/-/semver-7.5.4.tgz",
            "integrity": "sha512-1bCSESV6Pv+i21Hvpxp3Dx+pSD8lIPt8uVjRrxAUt/nbswYc+tK6Y2btiULjd4+fnq15PX+nqQDC7Oft7WkwcA==",
            "requires": {
                "lru-cache": "^6.0.0"
            }
        },
        "solidity-comments-extractor": {
            "version": "0.0.8",
            "resolved": "https://registry.npmjs.org/solidity-comments-extractor/-/solidity-comments-extractor-0.0.8.tgz",
            "integrity": "sha512-htM7Vn6LhHreR+EglVMd2s+sZhcXAirB1Zlyrv5zBuTxieCvjfnRpd7iZk75m/u6NOlEyQ94C6TWbBn2cY7w8g=="
        },
        "tslib": {
            "version": "2.4.0",
            "resolved": "https://registry.npmjs.org/tslib/-/tslib-2.4.0.tgz",
            "integrity": "sha512-d6xOpEDfsi2CZVlPQzGeux8XMwLT9hssAsaPYExaQMuYskwb+x1x7J371tWlbBdWHroy99KnVB6qIkUbs5X3UQ=="
        },
        "ws": {
            "version": "8.5.0",
            "resolved": "https://registry.npmjs.org/ws/-/ws-8.5.0.tgz",
            "integrity": "sha512-BWX0SWVgLPzYwF8lTzEy1egjhS4S4OEAHfsO8o65WOVsrnSRGaSiUaa9e0ggGlkMTtBlmOpEXiie9RUcBO86qg==",
            "requires": {}
        },
        "yallist": {
            "version": "4.0.0",
            "resolved": "https://registry.npmjs.org/yallist/-/yallist-4.0.0.tgz",
            "integrity": "sha512-3wdGidZyq5PB084XLES5TpOSRA3wjXAlIWMhum2kRcv/41Sn2emQ0dycQW4uZXLejwKvg6EsvbdlVL+FYEct7A=="
        }
    }
}
